
Microsoft Visual Studio Solution File, Format Version 12.00
# Visual Studio Version 16
VisualStudioVersion = 16.0.29326.143
MinimumVisualStudioVersion = 10.0.40219.1
Project("{FAE04EC0-301F-11D3-BF4B-00C04F79EFBC}") = "StoreManagementAPI", "StoreManagementAPI\StoreManagementAPI.csproj", "{23D0D66F-34D8-40B7-81CA-D1161A0FAA63}"
EndProject
Project("{FAE04EC0-301F-11D3-BF4B-00C04F79EFBC}") = "StoreManagement", "StoreManagement\StoreManagement.csproj", "{8B6CE81C-C061-4AF1-BD0B-F232BB2F5EDF}"
EndProject
Project("{FAE04EC0-301F-11D3-BF4B-00C04F79EFBC}") = "StoreSchema", "StoreSchema\StoreSchema.csproj", "{8408C2D2-5C7C-46AB-8009-9C28809236AF}"
EndProject
Global
	GlobalSection(SolutionConfigurationPlatforms) = preSolution
		Debug|Any CPU = Debug|Any CPU
		Release|Any CPU = Release|Any CPU
	EndGlobalSection
	GlobalSection(ProjectConfigurationPlatforms) = postSolution
		{23D0D66F-34D8-40B7-81CA-D1161A0FAA63}.Debug|Any CPU.ActiveCfg = Debug|Any CPU
		{23D0D66F-34D8-40B7-81CA-D1161A0FAA63}.Debug|Any CPU.Build.0 = Debug|Any CPU
		{23D0D66F-34D8-40B7-81CA-D1161A0FAA63}.Release|Any CPU.ActiveCfg = Release|Any CPU
		{23D0D66F-34D8-40B7-81CA-D1161A0FAA63}.Release|Any CPU.Build.0 = Release|Any CPU
		{8B6CE81C-C061-4AF1-BD0B-F232BB2F5EDF}.Debug|Any CPU.ActiveCfg = Debug|Any CPU
		{8B6CE81C-C061-4AF1-BD0B-F232BB2F5EDF}.Debug|Any CPU.Build.0 = Debug|Any CPU
		{8B6CE81C-C061-4AF1-BD0B-F232BB2F5EDF}.Release|Any CPU.ActiveCfg = Release|Any CPU
		{8B6CE81C-C061-4AF1-BD0B-F232BB2F5EDF}.Release|Any CPU.Build.0 = Release|Any CPU
		{8408C2D2-5C7C-46AB-8009-9C28809236AF}.Debug|Any CPU.ActiveCfg = Debug|Any CPU
		{8408C2D2-5C7C-46AB-8009-9C28809236AF}.Debug|Any CPU.Build.0 = Debug|Any CPU
		{8408C2D2-5C7C-46AB-8009-9C28809236AF}.Release|Any CPU.ActiveCfg = Release|Any CPU
		{8408C2D2-5C7C-46AB-8009-9C28809236AF}.Release|Any CPU.Build.0 = Release|Any CPU
	EndGlobalSection
	GlobalSection(SolutionProperties) = preSolution
		HideSolutionNode = FALSE
	EndGlobalSection
	GlobalSection(ExtensibilityGlobals) = postSolution
		SolutionGuid = {8CF9EA5B-0347-4AA0-B464-DE43A3851F60}
	EndGlobalSection
EndGlobal
